
Microsoft Visual Studio Solution File, Format Version 12.00
# Visual Studio Version 16
VisualStudioVersion = 16.0.29324.140
MinimumVisualStudioVersion = 10.0.40219.1
Project("{F14B399A-7131-4C87-9E4B-1186C45EF12D}") = "Report Project2", "Report Project2\Report Project2.rptproj", "{AB2A74C0-FAFD-4814-A444-7E79BC4383D7}"
EndProject
Global
	GlobalSection(SolutionConfigurationPlatforms) = preSolution
		Debug|Default = Debug|Default
		DebugLocal|Default = DebugLocal|Default
		Release|Default = Release|Default
	EndGlobalSection
	GlobalSection(ProjectConfigurationPlatforms) = postSolution
		{AB2A74C0-FAFD-4814-A444-7E79BC4383D7}.Debug|Default.ActiveCfg = Debug
		{AB2A74C0-FAFD-4814-A444-7E79BC4383D7}.Debug|Default.Build.0 = Debug
		{AB2A74C0-FAFD-4814-A444-7E79BC4383D7}.Debug|Default.Deploy.0 = Debug
		{AB2A74C0-FAFD-4814-A444-7E79BC4383D7}.DebugLocal|Default.ActiveCfg = DebugLocal
		{AB2A74C0-FAFD-4814-A444-7E79BC4383D7}.DebugLocal|Default.Build.0 = DebugLocal
		{AB2A74C0-FAFD-4814-A444-7E79BC4383D7}.Release|Default.ActiveCfg = Release
		{AB2A74C0-FAFD-4814-A444-7E79BC4383D7}.Release|Default.Build.0 = Release
		{AB2A74C0-FAFD-4814-A444-7E79BC4383D7}.Release|Default.Deploy.0 = Release
	EndGlobalSection
	GlobalSection(SolutionProperties) = preSolution
		HideSolutionNode = FALSE
	EndGlobalSection
	GlobalSection(ExtensibilityGlobals) = postSolution
		SolutionGuid = {0707F750-9420-41E3-9FB4-6DDBAACCD402}
	EndGlobalSection
EndGlobal
